
Microsoft Visual Studio Solution File, Format Version 12.00
# Visual Studio Version 17
VisualStudioVersion = 17.3.32825.248
MinimumVisualStudioVersion = 10.0.40219.1
Project("{FAE04EC0-301F-11D3-BF4B-00C04F79EFBC}") = "CrabBattle", "CrabBattle\CrabBattle.csproj", "{4413B94F-AE52-446A-B36C-CC058115ACE3}"
EndProject
Global
	GlobalSection(SolutionConfigurationPlatforms) = preSolution
		Debug|Any CPU = Debug|Any CPU
		Release|Any CPU = Release|Any CPU
	EndGlobalSection
	GlobalSection(ProjectConfigurationPlatforms) = postSolution
		{4413B94F-AE52-446A-B36C-CC058115ACE3}.Debug|Any CPU.ActiveCfg = Debug|Any CPU
		{4413B94F-AE52-446A-B36C-CC058115ACE3}.Debug|Any CPU.Build.0 = Debug|Any CPU
		{4413B94F-AE52-446A-B36C-CC058115ACE3}.Release|Any CPU.ActiveCfg = Release|Any CPU
		{4413B94F-AE52-446A-B36C-CC058115ACE3}.Release|Any CPU.Build.0 = Release|Any CPU
	EndGlobalSection
	GlobalSection(SolutionProperties) = preSolution
		HideSolutionNode = FALSE
	EndGlobalSection
	GlobalSection(ExtensibilityGlobals) = postSolution
		SolutionGuid = {42388E02-8E28-4D63-87C5-7A7BBA15EE76}
	EndGlobalSection
EndGlobal
